// !$*UTF8*$!
{
	archiveVersion = 1;
	classes = {
	};
	objectVersion = 77;
	objects = {

/* Begin PBXContainerItemProxy section */
		A363CCA52D6CA5BA00498ECC /* PBXContainerItemProxy */ = {
			isa = PBXContainerItemProxy;
			containerPortal = A363CC8C2D6CA5B900498ECC /* Project object */;
			proxyType = 1;
			remoteGlobalIDString = A363CC932D6CA5B900498ECC;
			remoteInfo = ChartsExamples;
		};
		A363CCAF2D6CA5BA00498ECC /* PBXContainerItemProxy */ = {
			isa = PBXContainerItemProxy;
			containerPortal = A363CC8C2D6CA5B900498ECC /* Project object */;
			proxyType = 1;
			remoteGlobalIDString = A363CC932D6CA5B900498ECC;
			remoteInfo = ChartsExamples;
		};
/* End PBXContainerItemProxy section */

/* Begin PBXFileReference section */
		A363CC942D6CA5B900498ECC /* ChartsExamples.app */ = {isa = PBXFileReference; explicitFileType = wrapper.application; includeInIndex = 0; path = ChartsExamples.app; sourceTree = BUILT_PRODUCTS_DIR; };
		A363CCA42D6CA5BA00498ECC /* ChartsExamplesTests.xctest */ = {isa = PBXFileReference; explicitFileType = wrapper.cfbundle; includeInIndex = 0; path = ChartsExamplesTests.xctest; sourceTree = BUILT_PRODUCTS_DIR; };
		A363CCAE2D6CA5BA00498ECC /* ChartsExamplesUITests.xctest */ = {isa = PBXFileReference; explicitFileType = wrapper.cfbundle; includeInIndex = 0; path = ChartsExamplesUITests.xctest; sourceTree = BUILT_PRODUCTS_DIR; };
/* End PBXFileReference section */

/* Begin PBXFileSystemSynchronizedRootGroup section */
		A363CC962D6CA5B900498ECC /* ChartsExamples */ = {
			isa = PBXFileSystemSynchronizedRootGroup;
			path = ChartsExamples;
			sourceTree = "<group>";
		};
		A363CCA72D6CA5BA00498ECC /* ChartsExamplesTests */ = {
			isa = PBXFileSystemSynchronizedRootGroup;
			path = ChartsExamplesTests;
			sourceTree = "<group>";
		};
		A363CCB12D6CA5BA00498ECC /* ChartsExamplesUITests */ = {
			isa = PBXFileSystemSynchronizedRootGroup;
			path = ChartsExamplesUITests;
			sourceTree = "<group>";
		};
/* End PBXFileSystemSynchronizedRootGroup section */

/* Begin PBXFrameworksBuildPhase section */
		A363CC912D6CA5B900498ECC /* Frameworks */ = {
			isa = PBXFrameworksBuildPhase;
			buildActionMask = 2147483647;
			files = (
			);
			runOnlyForDeploymentPostprocessing = 0;
		};
		A363CCA12D6CA5BA00498ECC /* Frameworks */ = {
			isa = PBXFrameworksBuildPhase;
			buildActionMask = 2147483647;
			files = (
			);
			runOnlyForDeploymentPostprocessing = 0;
		};
		A363CCAB2D6CA5BA00498ECC /* Frameworks */ = {
			isa = PBXFrameworksBuildPhase;
			buildActionMask = 2147483647;
			files = (
			);
			runOnlyForDeploymentPostprocessing = 0;
		};
/* End PBXFrameworksBuildPhase section */

/* Begin PBXGroup section */
		A363CC8B2D6CA5B900498ECC = {
			isa = PBXGroup;
			children = (
				A363CC962D6CA5B900498ECC /* ChartsExamples */,
				A363CCA72D6CA5BA00498ECC /* ChartsExamplesTests */,
				A363CCB12D6CA5BA00498ECC /* ChartsExamplesUITests */,
				A363CC952D6CA5B900498ECC /* Products */,
			);
			sourceTree = "<group>";
		};
		A363CC952D6CA5B900498ECC /* Products */ = {
			isa = PBXGroup;
			children = (
				A363CC942D6CA5B900498ECC /* ChartsExamples.app */,
				A363CCA42D6CA5BA00498ECC /* ChartsExamplesTests.xctest */,
				A363CCAE2D6CA5BA00498ECC /* ChartsExamplesUITests.xctest */,
			);
			name = Products;
			sourceTree = "<group>";
		};
/* End PBXGroup section */

/* Begin PBXNativeTarget section */
		A363CC932D6CA5B900498ECC /* ChartsExamples */ = {
			isa = PBXNativeTarget;
			buildConfigurationList = A363CCB82D6CA5BA00498ECC /* Build configuration list for PBXNativeTarget "ChartsExamples" */;
			buildPhases = (
				A363CC902D6CA5B900498ECC /* Sources */,
				A363CC912D6CA5B900498ECC /* Frameworks */,
				A363CC922D6CA5B900498ECC /* Resources */,
			);
			buildRules = (
			);
			dependencies = (
			);
			fileSystemSynchronizedGroups = (
				A363CC962D6CA5B900498ECC /* ChartsExamples */,
			);
			name = ChartsExamples;
			packageProductDependencies = (
			);
			productName = ChartsExamples;
			productReference = A363CC942D6CA5B900498ECC /* ChartsExamples.app */;
			productType = "com.apple.product-type.application";
		};
		A363CCA32D6CA5BA00498ECC /* ChartsExamplesTests */ = {
			isa = PBXNativeTarget;
			buildConfigurationList = A363CCBB2D6CA5BA00498ECC /* Build configuration list for PBXNativeTarget "ChartsExamplesTests" */;
			buildPhases = (
				A363CCA02D6CA5BA00498ECC /* Sources */,
				A363CCA12D6CA5BA00498ECC /* Frameworks */,
				A363CCA22D6CA5BA00498ECC /* Resources */,
			);
			buildRules = (
			);
			dependencies = (
				A363CCA62D6CA5BA00498ECC /* PBXTargetDependency */,
			);
			fileSystemSynchronizedGroups = (
				A363CCA72D6CA5BA00498ECC /* ChartsExamplesTests */,
			);
			name = ChartsExamplesTests;
			packageProductDependencies = (
			);
			productName = ChartsExamplesTests;
			productReference = A363CCA42D6CA5BA00498ECC /* ChartsExamplesTests.xctest */;
			productType = "com.apple.product-type.bundle.unit-test";
		};
		A363CCAD2D6CA5BA00498ECC /* ChartsExamplesUITests */ = {
			isa = PBXNativeTarget;
			buildConfigurationList = A363CCBE2D6CA5BA00498ECC /* Build configuration list for PBXNativeTarget "ChartsExamplesUITests" */;
			buildPhases = (
				A363CCAA2D6CA5BA00498ECC /* Sources */,
				A363CCAB2D6CA5BA00498ECC /* Frameworks */,
				A363CCAC2D6CA5BA00498ECC /* Resources */,
			);
			buildRules = (
			);
			dependencies = (
				A363CCB02D6CA5BA00498ECC /* PBXTargetDependency */,
			);
			fileSystemSynchronizedGroups = (
				A363CCB12D6CA5BA00498ECC /* ChartsExamplesUITests */,
			);
			name = ChartsExamplesUITests;
			packageProductDependencies = (
			);
			productName = ChartsExamplesUITests;
			productReference = A363CCAE2D6CA5BA00498ECC /* ChartsExamplesUITests.xctest */;
			productType = "com.apple.product-type.bundle.ui-testing";
		};
/* End PBXNativeTarget section */

/* Begin PBXProject section */
		A363CC8C2D6CA5B900498ECC /* Project object */ = {
			isa = PBXProject;
			attributes = {
				BuildIndependentTargetsInParallel = 1;
				LastSwiftUpdateCheck = 1620;
				LastUpgradeCheck = 1620;
				TargetAttributes = {
					A363CC932D6CA5B900498ECC = {
						CreatedOnToolsVersion = 16.2;
					};
					A363CCA32D6CA5BA00498ECC = {
						CreatedOnToolsVersion = 16.2;
						TestTargetID = A363CC932D6CA5B900498ECC;
					};
					A363CCAD2D6CA5BA00498ECC = {
						CreatedOnToolsVersion = 16.2;
						TestTargetID = A363CC932D6CA5B900498ECC;
					};
				};
			};
			buildConfigurationList = A363CC8F2D6CA5B900498ECC /* Build configuration list for PBXProject "ChartsExamples" */;
			developmentRegion = en;
			hasScannedForEncodings = 0;
			knownRegions = (
				en,
				Base,
			);
			mainGroup = A363CC8B2D6CA5B900498ECC;
			minimizedProjectReferenceProxies = 1;
			preferredProjectObjectVersion = 77;
			productRefGroup = A363CC952D6CA5B900498ECC /* Products */;
			projectDirPath = "";
			projectRoot = "";
			targets = (
				A363CC932D6CA5B900498ECC /* ChartsExamples */,
				A363CCA32D6CA5BA00498ECC /* ChartsExamplesTests */,
				A363CCAD2D6CA5BA00498ECC /* ChartsExamplesUITests */,
			);
		};
/* End PBXProject section */

/* Begin PBXResourcesBuildPhase section */
		A363CC922D6CA5B900498ECC /* Resources */ = {
			isa = PBXResourcesBuildPhase;
			buildActionMask = 2147483647;
			files = (
			);
			runOnlyForDeploymentPostprocessing = 0;
		};
		A363CCA22D6CA5BA00498ECC /* Resources */ = {
			isa = PBXResourcesBuildPhase;
			buildActionMask = 2147483647;
			files = (
			);
			runOnlyForDeploymentPostprocessing = 0;
		};
		A363CCAC2D6CA5BA00498ECC /* Resources */ = {
			isa = PBXResourcesBuildPhase;
			buildActionMask = 2147483647;
			files = (
			);
			runOnlyForDeploymentPostprocessing = 0;
		};
/* End PBXResourcesBuildPhase section */

/* Begin PBXSourcesBuildPhase section */
		A363CC902D6CA5B900498ECC /* Sources */ = {
			isa = PBXSourcesBuildPhase;
			buildActionMask = 2147483647;
			files = (
			);
			runOnlyForDeploymentPostprocessing = 0;
		};
		A363CCA02D6CA5BA00498ECC /* Sources */ = {
			isa = PBXSourcesBuildPhase;
			buildActionMask = 2147483647;
			files = (
			);
			runOnlyForDeploymentPostprocessing = 0;
		};
		A363CCAA2D6CA5BA00498ECC /* Sources */ = {
			isa = PBXSourcesBuildPhase;
			buildActionMask = 2147483647;
			files = (
			);
			runOnlyForDeploymentPostprocessing = 0;
		};
/* End PBXSourcesBuildPhase section */

/* Begin PBXTargetDependency section */
		A363CCA62D6CA5BA00498ECC /* PBXTargetDependency */ = {
			isa = PBXTargetDependency;
			target = A363CC932D6CA5B900498ECC /* ChartsExamples */;
			targetProxy = A363CCA52D6CA5BA00498ECC /* PBXContainerItemProxy */;
		};
		A363CCB02D6CA5BA00498ECC /* PBXTargetDependency */ = {
			isa = PBXTargetDependency;
			target = A363CC932D6CA5B900498ECC /* ChartsExamples */;
			targetProxy = A363CCAF2D6CA5BA00498ECC /* PBXContainerItemProxy */;
		};
/* End PBXTargetDependency section */

/* Begin XCBuildConfiguration section */
		A363CCB62D6CA5BA00498ECC /* Debug */ = {
			isa = XCBuildConfiguration;
			buildSettings = {
				ALWAYS_SEARCH_USER_PATHS = NO;
				ASSETCATALOG_COMPILER_GENERATE_SWIFT_ASSET_SYMBOL_EXTENSIONS = YES;
				CLANG_ANALYZER_NONNULL = YES;
				CLANG_ANALYZER_NUMBER_OBJECT_CONVERSION = YES_AGGRESSIVE;
				CLANG_CXX_LANGUAGE_STANDARD = "gnu++20";
				CLANG_ENABLE_MODULES = YES;
				CLANG_ENABLE_OBJC_ARC = YES;
				CLANG_ENABLE_OBJC_WEAK = YES;
				CLANG_WARN_BLOCK_CAPTURE_AUTORELEASING = YES;
				CLANG_WARN_BOOL_CONVERSION = YES;
				CLANG_WARN_COMMA = YES;
				CLANG_WARN_CONSTANT_CONVERSION = YES;
				CLANG_WARN_DEPRECATED_OBJC_IMPLEMENTATIONS = YES;
				CLANG_WARN_DIRECT_OBJC_ISA_USAGE = YES_ERROR;
				CLANG_WARN_DOCUMENTATION_COMMENTS = YES;
				CLANG_WARN_EMPTY_BODY = YES;
				CLANG_WARN_ENUM_CONVERSION = YES;
				CLANG_WARN_INFINITE_RECURSION = YES;
				CLANG_WARN_INT_CONVERSION = YES;
				CLANG_WARN_NON_LITERAL_NULL_CONVERSION = YES;
				CLANG_WARN_OBJC_IMPLICIT_RETAIN_SELF = YES;
				CLANG_WARN_OBJC_LITERAL_CONVERSION = YES;
				CLANG_WARN_OBJC_ROOT_CLASS = YES_ERROR;
				CLANG_WARN_QUOTED_INCLUDE_IN_FRAMEWORK_HEADER = YES;
				CLANG_WARN_RANGE_LOOP_ANALYSIS = YES;
				CLANG_WARN_STRICT_PROTOTYPES = YES;
				CLANG_WARN_SUSPICIOUS_MOVE = YES;
				CLANG_WARN_UNGUARDED_AVAILABILITY = YES_AGGRESSIVE;
				CLANG_WARN_UNREACHABLE_CODE = YES;
				CLANG_WARN__DUPLICATE_METHOD_MATCH = YES;
				COPY_PHASE_STRIP = NO;
				DEBUG_INFORMATION_FORMAT = dwarf;
				ENABLE_STRICT_OBJC_MSGSEND = YES;
				ENABLE_TESTABILITY = YES;
				ENABLE_USER_SCRIPT_SANDBOXING = YES;
				GCC_C_LANGUAGE_STANDARD = gnu17;
				GCC_DYNAMIC_NO_PIC = NO;
				GCC_NO_COMMON_BLOCKS = YES;
				GCC_OPTIMIZATION_LEVEL = 0;
				GCC_PREPROCESSOR_DEFINITIONS = (
					"DEBUG=1",
					"$(inherited)",
				);
				GCC_WARN_64_TO_32_BIT_CONVERSION = YES;
				GCC_WARN_ABOUT_RETURN_TYPE = YES_ERROR;
				GCC_WARN_UNDECLARED_SELECTOR = YES;
				GCC_WARN_UNINITIALIZED_AUTOS = YES_AGGRESSIVE;
				GCC_WARN_UNUSED_FUNCTION = YES;
				GCC_WARN_UNUSED_VARIABLE = YES;
				IPHONEOS_DEPLOYMENT_TARGET = 18.2;
				LOCALIZATION_PREFERS_STRING_CATALOGS = YES;
				MTL_ENABLE_DEBUG_INFO = INCLUDE_SOURCE;
				MTL_FAST_MATH = YES;
				ONLY_ACTIVE_ARCH = YES;
				SDKROOT = iphoneos;
				SWIFT_ACTIVE_COMPILATION_CONDITIONS = "DEBUG $(inherited)";
				SWIFT_OPTIMIZATION_LEVEL = "-Onone";
			};
			name = Debug;
		};
		A363CCB72D6CA5BA00498ECC /* Release */ = {
			isa = XCBuildConfiguration;
			buildSettings = {
				ALWAYS_SEARCH_USER_PATHS = NO;
				ASSETCATALOG_COMPILER_GENERATE_SWIFT_ASSET_SYMBOL_EXTENSIONS = YES;
				CLANG_ANALYZER_NONNULL = YES;
				CLANG_ANALYZER_NUMBER_OBJECT_CONVERSION = YES_AGGRESSIVE;
				CLANG_CXX_LANGUAGE_STANDARD = "gnu++20";
				CLANG_ENABLE_MODULES = YES;
				CLANG_ENABLE_OBJC_ARC = YES;
				CLANG_ENABLE_OBJC_WEAK = YES;
				CLANG_WARN_BLOCK_CAPTURE_AUTORELEASING = YES;
				CLANG_WARN_BOOL_CONVERSION = YES;
				CLANG_WARN_COMMA = YES;
				CLANG_WARN_CONSTANT_CONVERSION = YES;
				CLANG_WARN_DEPRECATED_OBJC_IMPLEMENTATIONS = YES;
				CLANG_WARN_DIRECT_OBJC_ISA_USAGE = YES_ERROR;
				CLANG_WARN_DOCUMENTATION_COMMENTS = YES;
				CLANG_WARN_EMPTY_BODY = YES;
				CLANG_WARN_ENUM_CONVERSION = YES;
				CLANG_WARN_INFINITE_RECURSION = YES;
				CLANG_WARN_INT_CONVERSION = YES;
				CLANG_WARN_NON_LITERAL_NULL_CONVERSION = YES;
				CLANG_WARN_OBJC_IMPLICIT_RETAIN_SELF = YES;
				CLANG_WARN_OBJC_LITERAL_CONVERSION = YES;
				CLANG_WARN_OBJC_ROOT_CLASS = YES_ERROR;
				CLANG_WARN_QUOTED_INCLUDE_IN_FRAMEWORK_HEADER = YES;
				CLANG_WARN_RANGE_LOOP_ANALYSIS = YES;
				CLANG_WARN_STRICT_PROTOTYPES = YES;
				CLANG_WARN_SUSPICIOUS_MOVE = YES;
				CLANG_WARN_UNGUARDED_AVAILABILITY = YES_AGGRESSIVE;
				CLANG_WARN_UNREACHABLE_CODE = YES;
				CLANG_WARN__DUPLICATE_METHOD_MATCH = YES;
				COPY_PHASE_STRIP = NO;
				DEBUG_INFORMATION_FORMAT = "dwarf-with-dsym";
				ENABLE_NS_ASSERTIONS = NO;
				ENABLE_STRICT_OBJC_MSGSEND = YES;
				ENABLE_USER_SCRIPT_SANDBOXING = YES;
				GCC_C_LANGUAGE_STANDARD = gnu17;
				GCC_NO_COMMON_BLOCKS = YES;
				GCC_WARN_64_TO_32_BIT_CONVERSION = YES;
				GCC_WARN_ABOUT_RETURN_TYPE = YES_ERROR;
				GCC_WARN_UNDECLARED_SELECTOR = YES;
				GCC_WARN_UNINITIALIZED_AUTOS = YES_AGGRESSIVE;
				GCC_WARN_UNUSED_FUNCTION = YES;
				GCC_WARN_UNUSED_VARIABLE = YES;
				IPHONEOS_DEPLOYMENT_TARGET = 18.2;
				LOCALIZATION_PREFERS_STRING_CATALOGS = YES;
				MTL_ENABLE_DEBUG_INFO = NO;
				MTL_FAST_MATH = YES;
				SDKROOT = iphoneos;
				SWIFT_COMPILATION_MODE = wholemodule;
				VALIDATE_PRODUCT = YES;
			};
			name = Release;
		};
		A363CCB92D6CA5BA00498ECC /* Debug */ = {
			isa = XCBuildConfiguration;
			buildSettings = {
				ASSETCATALOG_COMPILER_APPICON_NAME = AppIcon;
				ASSETCATALOG_COMPILER_GLOBAL_ACCENT_COLOR_NAME = AccentColor;
				CODE_SIGN_STYLE = Automatic;
				CURRENT_PROJECT_VERSION = 1;
				DEVELOPMENT_ASSET_PATHS = "\"ChartsExamples/Preview Content\"";
				DEVELOPMENT_TEAM = DG4449RVDY;
				ENABLE_PREVIEWS = YES;
				GENERATE_INFOPLIST_FILE = YES;
				INFOPLIST_KEY_UIApplicationSceneManifest_Generation = YES;
				INFOPLIST_KEY_UIApplicationSupportsIndirectInputEvents = YES;
				INFOPLIST_KEY_UILaunchScreen_Generation = YES;
				INFOPLIST_KEY_UISupportedInterfaceOrientations_iPad = "UIInterfaceOrientationPortrait UIInterfaceOrientationPortraitUpsideDown UIInterfaceOrientationLandscapeLeft UIInterfaceOrientationLandscapeRight";
				INFOPLIST_KEY_UISupportedInterfaceOrientations_iPhone = "UIInterfaceOrientationPortrait UIInterfaceOrientationLandscapeLeft UIInterfaceOrientationLandscapeRight";
				LD_RUNPATH_SEARCH_PATHS = (
					"$(inherited)",
					"@executable_path/Frameworks",
				);
				MARKETING_VERSION = 1.0;
				PRODUCT_BUNDLE_IDENTIFIER = com.gc.ChartsExamples;
				PRODUCT_NAME = "$(TARGET_NAME)";
				SWIFT_EMIT_LOC_STRINGS = YES;
				SWIFT_VERSION = 5.0;
				TARGETED_DEVICE_FAMILY = "1,2";
			};
			name = Debug;
		};
		A363CCBA2D6CA5BA00498ECC /* Release */ = {
			isa = XCBuildConfiguration;
			buildSettings = {
				ASSETCATALOG_COMPILER_APPICON_NAME = AppIcon;
				ASSETCATALOG_COMPILER_GLOBAL_ACCENT_COLOR_NAME = AccentColor;
				CODE_SIGN_STYLE = Automatic;
				CURRENT_PROJECT_VERSION = 1;
				DEVELOPMENT_ASSET_PATHS = "\"ChartsExamples/Preview Content\"";
				DEVELOPMENT_TEAM = DG4449RVDY;
				ENABLE_PREVIEWS = YES;
				GENERATE_INFOPLIST_FILE = YES;
				INFOPLIST_KEY_UIApplicationSceneManifest_Generation = YES;
				INFOPLIST_KEY_UIApplicationSupportsIndirectInputEvents = YES;
				INFOPLIST_KEY_UILaunchScreen_Generation = YES;
				INFOPLIST_KEY_UISupportedInterfaceOrientations_iPad = "UIInterfaceOrientationPortrait UIInterfaceOrientationPortraitUpsideDown UIInterfaceOrientationLandscapeLeft UIInterfaceOrientationLandscapeRight";
				INFOPLIST_KEY_UISupportedInterfaceOrientations_iPhone = "UIInterfaceOrientationPortrait UIInterfaceOrientationLandscapeLeft UIInterfaceOrientationLandscapeRight";
				LD_RUNPATH_SEARCH_PATHS = (
					"$(inherited)",
					"@executable_path/Frameworks",
				);
				MARKETING_VERSION = 1.0;
				PRODUCT_BUNDLE_IDENTIFIER = com.gc.ChartsExamples;
				PRODUCT_NAME = "$(TARGET_NAME)";
				SWIFT_EMIT_LOC_STRINGS = YES;
				SWIFT_VERSION = 5.0;
				TARGETED_DEVICE_FAMILY = "1,2";
			};
			name = Release;
		};
		A363CCBC2D6CA5BA00498ECC /* Debug */ = {
			isa = XCBuildConfiguration;
			buildSettings = {
				BUNDLE_LOADER = "$(TEST_HOST)";
				CODE_SIGN_STYLE = Automatic;
				CURRENT_PROJECT_VERSION = 1;
				DEVELOPMENT_TEAM = DG4449RVDY;
				GENERATE_INFOPLIST_FILE = YES;
				IPHONEOS_DEPLOYMENT_TARGET = 18.2;
				MARKETING_VERSION = 1.0;
				PRODUCT_BUNDLE_IDENTIFIER = com.gc.ChartsExamplesTests;
				PRODUCT_NAME = "$(TARGET_NAME)";
				SWIFT_EMIT_LOC_STRINGS = NO;
				SWIFT_VERSION = 5.0;
				TARGETED_DEVICE_FAMILY = "1,2";
				TEST_HOST = "$(BUILT_PRODUCTS_DIR)/ChartsExamples.app/$(BUNDLE_EXECUTABLE_FOLDER_PATH)/ChartsExamples";
			};
			name = Debug;
		};
		A363CCBD2D6CA5BA00498ECC /* Release */ = {
			isa = XCBuildConfiguration;
			buildSettings = {
				BUNDLE_LOADER = "$(TEST_HOST)";
				CODE_SIGN_STYLE = Automatic;
				CURRENT_PROJECT_VERSION = 1;
				DEVELOPMENT_TEAM = DG4449RVDY;
				GENERATE_INFOPLIST_FILE = YES;
				IPHONEOS_DEPLOYMENT_TARGET = 18.2;
				MARKETING_VERSION = 1.0;
				PRODUCT_BUNDLE_IDENTIFIER = com.gc.ChartsExamplesTests;
				PRODUCT_NAME = "$(TARGET_NAME)";
				SWIFT_EMIT_LOC_STRINGS = NO;
				SWIFT_VERSION = 5.0;
				TARGETED_DEVICE_FAMILY = "1,2";
				TEST_HOST = "$(BUILT_PRODUCTS_DIR)/ChartsExamples.app/$(BUNDLE_EXECUTABLE_FOLDER_PATH)/ChartsExamples";
			};
			name = Release;
		};
		A363CCBF2D6CA5BA00498ECC /* Debug */ = {
			isa = XCBuildConfiguration;
			buildSettings = {
				CODE_SIGN_STYLE = Automatic;
				CURRENT_PROJECT_VERSION = 1;
				DEVELOPMENT_TEAM = DG4449RVDY;
				GENERATE_INFOPLIST_FILE = YES;
				MARKETING_VERSION = 1.0;
				PRODUCT_BUNDLE_IDENTIFIER = com.gc.ChartsExamplesUITests;
				PRODUCT_NAME = "$(TARGET_NAME)";
				SWIFT_EMIT_LOC_STRINGS = NO;
				SWIFT_VERSION = 5.0;
				TARGETED_DEVICE_FAMILY = "1,2";
				TEST_TARGET_NAME = ChartsExamples;
			};
			name = Debug;
		};
		A363CCC02D6CA5BA00498ECC /* Release */ = {
			isa = XCBuildConfiguration;
			buildSettings = {
				CODE_SIGN_STYLE = Automatic;
				CURRENT_PROJECT_VERSION = 1;
				DEVELOPMENT_TEAM = DG4449RVDY;
				GENERATE_INFOPLIST_FILE = YES;
				MARKETING_VERSION = 1.0;
				PRODUCT_BUNDLE_IDENTIFIER = com.gc.ChartsExamplesUITests;
				PRODUCT_NAME = "$(TARGET_NAME)";
				SWIFT_EMIT_LOC_STRINGS = NO;
				SWIFT_VERSION = 5.0;
				TARGETED_DEVICE_FAMILY = "1,2";
				TEST_TARGET_NAME = ChartsExamples;
			};
			name = Release;
		};
/* End XCBuildConfiguration section */

/* Begin XCConfigurationList section */
		A363CC8F2D6CA5B900498ECC /* Build configuration list for PBXProject "ChartsExamples" */ = {
			isa = XCConfigurationList;
			buildConfigurations = (
				A363CCB62D6CA5BA00498ECC /* Debug */,
				A363CCB72D6CA5BA00498ECC /* Release */,
			);
			defaultConfigurationIsVisible = 0;
			defaultConfigurationName = Release;
		};
		A363CCB82D6CA5BA00498ECC /* Build configuration list for PBXNativeTarget "ChartsExamples" */ = {
			isa = XCConfigurationList;
			buildConfigurations = (
				A363CCB92D6CA5BA00498ECC /* Debug */,
				A363CCBA2D6CA5BA00498ECC /* Release */,
			);
			defaultConfigurationIsVisible = 0;
			defaultConfigurationName = Release;
		};
		A363CCBB2D6CA5BA00498ECC /* Build configuration list for PBXNativeTarget "ChartsExamplesTests" */ = {
			isa = XCConfigurationList;
			buildConfigurations = (
				A363CCBC2D6CA5BA00498ECC /* Debug */,
				A363CCBD2D6CA5BA00498ECC /* Release */,
			);
			defaultConfigurationIsVisible = 0;
			defaultConfigurationName = Release;
		};
		A363CCBE2D6CA5BA00498ECC /* Build configuration list for PBXNativeTarget "ChartsExamplesUITests" */ = {
			isa = XCConfigurationList;
			buildConfigurations = (
				A363CCBF2D6CA5BA00498ECC /* Debug */,
				A363CCC02D6CA5BA00498ECC /* Release */,
			);
			defaultConfigurationIsVisible = 0;
			defaultConfigurationName = Release;
		};
/* End XCConfigurationList section */
	};
	rootObject = A363CC8C2D6CA5B900498ECC /* Project object */;
}
